
Microsoft Visual Studio Solution File, Format Version 12.00
# Visual Studio Version 17
VisualStudioVersion = 17.7.34031.279
MinimumVisualStudioVersion = 10.0.40219.1
Project("{FAE04EC0-301F-11D3-BF4B-00C04F79EFBC}") = "frazioni 3.0", "frazioni 3.0\frazioni 3.0.csproj", "{131B855A-F534-49B6-92C3-321CE5DC2386}"
EndProject
Global
	GlobalSection(SolutionConfigurationPlatforms) = preSolution
		Debug|Any CPU = Debug|Any CPU
		Release|Any CPU = Release|Any CPU
	EndGlobalSection
	GlobalSection(ProjectConfigurationPlatforms) = postSolution
		{131B855A-F534-49B6-92C3-321CE5DC2386}.Debug|Any CPU.ActiveCfg = Debug|Any CPU
		{131B855A-F534-49B6-92C3-321CE5DC2386}.Debug|Any CPU.Build.0 = Debug|Any CPU
		{131B855A-F534-49B6-92C3-321CE5DC2386}.Release|Any CPU.ActiveCfg = Release|Any CPU
		{131B855A-F534-49B6-92C3-321CE5DC2386}.Release|Any CPU.Build.0 = Release|Any CPU
	EndGlobalSection
	GlobalSection(SolutionProperties) = preSolution
		HideSolutionNode = FALSE
	EndGlobalSection
	GlobalSection(ExtensibilityGlobals) = postSolution
		SolutionGuid = {8F1AB0FF-35F0-47CC-936C-CB98735068BF}
	EndGlobalSection
EndGlobal
